// !$*UTF8*$!
{
	archiveVersion = 1;
	classes = {
	};
	objectVersion = 56;
	objects = {

/* Begin PBXBuildFile section */
		D229341A2A98E255006267AA /* AppDelegate.swift in Sources */ = {isa = PBXBuildFile; fileRef = D22934192A98E255006267AA /* AppDelegate.swift */; };
		D229341C2A98E255006267AA /* SceneDelegate.swift in Sources */ = {isa = PBXBuildFile; fileRef = D229341B2A98E255006267AA /* SceneDelegate.swift */; };
		D229341E2A98E255006267AA /* ViewController.swift in Sources */ = {isa = PBXBuildFile; fileRef = D229341D2A98E255006267AA /* ViewController.swift */; };
		D22934212A98E255006267AA /* Main.storyboard in Resources */ = {isa = PBXBuildFile; fileRef = D229341F2A98E255006267AA /* Main.storyboard */; };
		D22934232A98E257006267AA /* Assets.xcassets in Resources */ = {isa = PBXBuildFile; fileRef = D22934222A98E257006267AA /* Assets.xcassets */; };
		D22934262A98E257006267AA /* LaunchScreen.storyboard in Resources */ = {isa = PBXBuildFile; fileRef = D22934242A98E257006267AA /* LaunchScreen.storyboard */; };
		D22934332A98E4D4006267AA /* AppCoordinator.swift in Sources */ = {isa = PBXBuildFile; fileRef = D22934322A98E4D4006267AA /* AppCoordinator.swift */; };
		D22934352A98E4EC006267AA /* Coordinator.swift in Sources */ = {isa = PBXBuildFile; fileRef = D22934342A98E4EC006267AA /* Coordinator.swift */; };
		D22934382A98E623006267AA /* MainTabBarController.swift in Sources */ = {isa = PBXBuildFile; fileRef = D22934372A98E623006267AA /* MainTabBarController.swift */; };
		D229343A2A98E6BA006267AA /* MainCoordinator.swift in Sources */ = {isa = PBXBuildFile; fileRef = D22934392A98E6BA006267AA /* MainCoordinator.swift */; };
		D229343D2A9B38E1006267AA /* ContactsCoordinator.swift in Sources */ = {isa = PBXBuildFile; fileRef = D229343C2A9B38E1006267AA /* ContactsCoordinator.swift */; };
		D22934402A9B3A07006267AA /* CallsCoordinator.swift in Sources */ = {isa = PBXBuildFile; fileRef = D229343F2A9B3A07006267AA /* CallsCoordinator.swift */; };
		D22934432A9B3B29006267AA /* ChatsCoordinator.swift in Sources */ = {isa = PBXBuildFile; fileRef = D22934422A9B3B29006267AA /* ChatsCoordinator.swift */; };
		D22934462A9B3C4C006267AA /* SettingsCoordinator.swift in Sources */ = {isa = PBXBuildFile; fileRef = D22934452A9B3C4C006267AA /* SettingsCoordinator.swift */; };
		D22934492A9B3D84006267AA /* Window+.swift in Sources */ = {isa = PBXBuildFile; fileRef = D22934482A9B3D84006267AA /* Window+.swift */; };
		D229344C2A9B67A9006267AA /* ChatsFactory.swift in Sources */ = {isa = PBXBuildFile; fileRef = D229344B2A9B67A9006267AA /* ChatsFactory.swift */; };
		D229344E2A9B682C006267AA /* ChatsRouter.swift in Sources */ = {isa = PBXBuildFile; fileRef = D229344D2A9B682C006267AA /* ChatsRouter.swift */; };
		D22934502A9B6837006267AA /* ChatsViewController.swift in Sources */ = {isa = PBXBuildFile; fileRef = D229344F2A9B6837006267AA /* ChatsViewController.swift */; };
		D22934522A9B6846006267AA /* ChatsViewController.storyboard in Resources */ = {isa = PBXBuildFile; fileRef = D22934512A9B6846006267AA /* ChatsViewController.storyboard */; };
		D22934542A9B68A6006267AA /* ChatsPresenter.swift in Sources */ = {isa = PBXBuildFile; fileRef = D22934532A9B68A6006267AA /* ChatsPresenter.swift */; };
		D22934562A9B696D006267AA /* UIViewController+.swift in Sources */ = {isa = PBXBuildFile; fileRef = D22934552A9B696D006267AA /* UIViewController+.swift */; };
/* End PBXBuildFile section */

/* Begin PBXFileReference section */
		D22934162A98E255006267AA /* Telegram-contest.app */ = {isa = PBXFileReference; explicitFileType = wrapper.application; includeInIndex = 0; path = "Telegram-contest.app"; sourceTree = BUILT_PRODUCTS_DIR; };
		D22934192A98E255006267AA /* AppDelegate.swift */ = {isa = PBXFileReference; lastKnownFileType = sourcecode.swift; path = AppDelegate.swift; sourceTree = "<group>"; };
		D229341B2A98E255006267AA /* SceneDelegate.swift */ = {isa = PBXFileReference; lastKnownFileType = sourcecode.swift; path = SceneDelegate.swift; sourceTree = "<group>"; };
		D229341D2A98E255006267AA /* ViewController.swift */ = {isa = PBXFileReference; lastKnownFileType = sourcecode.swift; path = ViewController.swift; sourceTree = "<group>"; };
		D22934202A98E255006267AA /* Base */ = {isa = PBXFileReference; lastKnownFileType = file.storyboard; name = Base; path = Base.lproj/Main.storyboard; sourceTree = "<group>"; };
		D22934222A98E257006267AA /* Assets.xcassets */ = {isa = PBXFileReference; lastKnownFileType = folder.assetcatalog; path = Assets.xcassets; sourceTree = "<group>"; };
		D22934252A98E257006267AA /* Base */ = {isa = PBXFileReference; lastKnownFileType = file.storyboard; name = Base; path = Base.lproj/LaunchScreen.storyboard; sourceTree = "<group>"; };
		D22934272A98E257006267AA /* Info.plist */ = {isa = PBXFileReference; lastKnownFileType = text.plist.xml; path = Info.plist; sourceTree = "<group>"; };
		D22934322A98E4D4006267AA /* AppCoordinator.swift */ = {isa = PBXFileReference; lastKnownFileType = sourcecode.swift; path = AppCoordinator.swift; sourceTree = "<group>"; };
		D22934342A98E4EC006267AA /* Coordinator.swift */ = {isa = PBXFileReference; lastKnownFileType = sourcecode.swift; path = Coordinator.swift; sourceTree = "<group>"; };
		D22934372A98E623006267AA /* MainTabBarController.swift */ = {isa = PBXFileReference; lastKnownFileType = sourcecode.swift; path = MainTabBarController.swift; sourceTree = "<group>"; };
		D22934392A98E6BA006267AA /* MainCoordinator.swift */ = {isa = PBXFileReference; lastKnownFileType = sourcecode.swift; path = MainCoordinator.swift; sourceTree = "<group>"; };
		D229343C2A9B38E1006267AA /* ContactsCoordinator.swift */ = {isa = PBXFileReference; lastKnownFileType = sourcecode.swift; path = ContactsCoordinator.swift; sourceTree = "<group>"; };
		D229343F2A9B3A07006267AA /* CallsCoordinator.swift */ = {isa = PBXFileReference; lastKnownFileType = sourcecode.swift; path = CallsCoordinator.swift; sourceTree = "<group>"; };
		D22934422A9B3B29006267AA /* ChatsCoordinator.swift */ = {isa = PBXFileReference; lastKnownFileType = sourcecode.swift; path = ChatsCoordinator.swift; sourceTree = "<group>"; };
		D22934452A9B3C4C006267AA /* SettingsCoordinator.swift */ = {isa = PBXFileReference; lastKnownFileType = sourcecode.swift; path = SettingsCoordinator.swift; sourceTree = "<group>"; };
		D22934482A9B3D84006267AA /* Window+.swift */ = {isa = PBXFileReference; lastKnownFileType = sourcecode.swift; path = "Window+.swift"; sourceTree = "<group>"; };
		D229344B2A9B67A9006267AA /* ChatsFactory.swift */ = {isa = PBXFileReference; lastKnownFileType = sourcecode.swift; path = ChatsFactory.swift; sourceTree = "<group>"; };
		D229344D2A9B682C006267AA /* ChatsRouter.swift */ = {isa = PBXFileReference; lastKnownFileType = sourcecode.swift; path = ChatsRouter.swift; sourceTree = "<group>"; };
		D229344F2A9B6837006267AA /* ChatsViewController.swift */ = {isa = PBXFileReference; lastKnownFileType = sourcecode.swift; path = ChatsViewController.swift; sourceTree = "<group>"; };
		D22934512A9B6846006267AA /* ChatsViewController.storyboard */ = {isa = PBXFileReference; lastKnownFileType = file.storyboard; path = ChatsViewController.storyboard; sourceTree = "<group>"; };
		D22934532A9B68A6006267AA /* ChatsPresenter.swift */ = {isa = PBXFileReference; lastKnownFileType = sourcecode.swift; path = ChatsPresenter.swift; sourceTree = "<group>"; };
		D22934552A9B696D006267AA /* UIViewController+.swift */ = {isa = PBXFileReference; lastKnownFileType = sourcecode.swift; path = "UIViewController+.swift"; sourceTree = "<group>"; };
/* End PBXFileReference section */

/* Begin PBXFrameworksBuildPhase section */
		D22934132A98E255006267AA /* Frameworks */ = {
			isa = PBXFrameworksBuildPhase;
			buildActionMask = 2147483647;
			files = (
			);
			runOnlyForDeploymentPostprocessing = 0;
		};
/* End PBXFrameworksBuildPhase section */

/* Begin PBXGroup section */
		D229340D2A98E255006267AA = {
			isa = PBXGroup;
			children = (
				D22934182A98E255006267AA /* Telegram-contest */,
				D22934172A98E255006267AA /* Products */,
			);
			sourceTree = "<group>";
		};
		D22934172A98E255006267AA /* Products */ = {
			isa = PBXGroup;
			children = (
				D22934162A98E255006267AA /* Telegram-contest.app */,
			);
			name = Products;
			sourceTree = "<group>";
		};
		D22934182A98E255006267AA /* Telegram-contest */ = {
			isa = PBXGroup;
			children = (
				D229341B2A98E255006267AA /* SceneDelegate.swift */,
				D22934192A98E255006267AA /* AppDelegate.swift */,
				D22934272A98E257006267AA /* Info.plist */,
				D229342D2A98E3BB006267AA /* Telegram */,
				D229342E2A98E410006267AA /* Telegram_iOS */,
				D22934302A98E44D006267AA /* Telegram_UIKit */,
				D229342F2A98E426006267AA /* TelegramKit */,
				D229341D2A98E255006267AA /* ViewController.swift */,
			);
			path = "Telegram-contest";
			sourceTree = "<group>";
		};
		D229342D2A98E3BB006267AA /* Telegram */ = {
			isa = PBXGroup;
			children = (
				D229341F2A98E255006267AA /* Main.storyboard */,
				D22934242A98E257006267AA /* LaunchScreen.storyboard */,
				D22934222A98E257006267AA /* Assets.xcassets */,
			);
			path = Telegram;
			sourceTree = "<group>";
		};
		D229342E2A98E410006267AA /* Telegram_iOS */ = {
			isa = PBXGroup;
			children = (
				D22934442A9B3C3F006267AA /* Settings */,
				D22934412A9B3B14006267AA /* Chats */,
				D229343E2A9B39EA006267AA /* Calls */,
				D22934362A98E618006267AA /* Main */,
				D22934312A98E4C6006267AA /* Coordinator */,
				D229343B2A9B38D4006267AA /* Contacts */,
			);
			path = Telegram_iOS;
			sourceTree = "<group>";
		};
		D229342F2A98E426006267AA /* TelegramKit */ = {
			isa = PBXGroup;
			children = (
			);
			path = TelegramKit;
			sourceTree = "<group>";
		};
		D22934302A98E44D006267AA /* Telegram_UIKit */ = {
			isa = PBXGroup;
			children = (
				D22934472A9B3D7A006267AA /* Extensions */,
			);
			path = Telegram_UIKit;
			sourceTree = "<group>";
		};
		D22934312A98E4C6006267AA /* Coordinator */ = {
			isa = PBXGroup;
			children = (
				D22934342A98E4EC006267AA /* Coordinator.swift */,
				D22934322A98E4D4006267AA /* AppCoordinator.swift */,
			);
			path = Coordinator;
			sourceTree = "<group>";
		};
		D22934362A98E618006267AA /* Main */ = {
			isa = PBXGroup;
			children = (
				D22934372A98E623006267AA /* MainTabBarController.swift */,
				D22934392A98E6BA006267AA /* MainCoordinator.swift */,
			);
			path = Main;
			sourceTree = "<group>";
		};
		D229343B2A9B38D4006267AA /* Contacts */ = {
			isa = PBXGroup;
			children = (
				D229343C2A9B38E1006267AA /* ContactsCoordinator.swift */,
			);
			path = Contacts;
			sourceTree = "<group>";
		};
		D229343E2A9B39EA006267AA /* Calls */ = {
			isa = PBXGroup;
			children = (
				D229343F2A9B3A07006267AA /* CallsCoordinator.swift */,
			);
			path = Calls;
			sourceTree = "<group>";
		};
		D22934412A9B3B14006267AA /* Chats */ = {
			isa = PBXGroup;
			children = (
				D22934422A9B3B29006267AA /* ChatsCoordinator.swift */,
				D229344B2A9B67A9006267AA /* ChatsFactory.swift */,
				D229344A2A9B6757006267AA /* Chats */,
			);
			path = Chats;
			sourceTree = "<group>";
		};
		D22934442A9B3C3F006267AA /* Settings */ = {
			isa = PBXGroup;
			children = (
				D22934452A9B3C4C006267AA /* SettingsCoordinator.swift */,
			);
			path = Settings;
			sourceTree = "<group>";
		};
		D22934472A9B3D7A006267AA /* Extensions */ = {
			isa = PBXGroup;
			children = (
				D22934482A9B3D84006267AA /* Window+.swift */,
				D22934552A9B696D006267AA /* UIViewController+.swift */,
			);
			path = Extensions;
			sourceTree = "<group>";
		};
		D229344A2A9B6757006267AA /* Chats */ = {
			isa = PBXGroup;
			children = (
				D22934512A9B6846006267AA /* ChatsViewController.storyboard */,
				D229344F2A9B6837006267AA /* ChatsViewController.swift */,
				D22934532A9B68A6006267AA /* ChatsPresenter.swift */,
				D229344D2A9B682C006267AA /* ChatsRouter.swift */,
			);
			path = Chats;
			sourceTree = "<group>";
		};
/* End PBXGroup section */

/* Begin PBXNativeTarget section */
		D22934152A98E255006267AA /* Telegram-contest */ = {
			isa = PBXNativeTarget;
			buildConfigurationList = D229342A2A98E257006267AA /* Build configuration list for PBXNativeTarget "Telegram-contest" */;
			buildPhases = (
				D22934122A98E255006267AA /* Sources */,
				D22934132A98E255006267AA /* Frameworks */,
				D22934142A98E255006267AA /* Resources */,
			);
			buildRules = (
			);
			dependencies = (
			);
			name = "Telegram-contest";
			productName = "Telegram-contest";
			productReference = D22934162A98E255006267AA /* Telegram-contest.app */;
			productType = "com.apple.product-type.application";
		};
/* End PBXNativeTarget section */

/* Begin PBXProject section */
		D229340E2A98E255006267AA /* Project object */ = {
			isa = PBXProject;
			attributes = {
				BuildIndependentTargetsInParallel = 1;
				LastSwiftUpdateCheck = 1430;
				LastUpgradeCheck = 1430;
				TargetAttributes = {
					D22934152A98E255006267AA = {
						CreatedOnToolsVersion = 14.3.1;
					};
				};
			};
			buildConfigurationList = D22934112A98E255006267AA /* Build configuration list for PBXProject "Telegram-contest" */;
			compatibilityVersion = "Xcode 14.0";
			developmentRegion = en;
			hasScannedForEncodings = 0;
			knownRegions = (
				en,
				Base,
			);
			mainGroup = D229340D2A98E255006267AA;
			productRefGroup = D22934172A98E255006267AA /* Products */;
			projectDirPath = "";
			projectRoot = "";
			targets = (
				D22934152A98E255006267AA /* Telegram-contest */,
			);
		};
/* End PBXProject section */

/* Begin PBXResourcesBuildPhase section */
		D22934142A98E255006267AA /* Resources */ = {
			isa = PBXResourcesBuildPhase;
			buildActionMask = 2147483647;
			files = (
				D22934262A98E257006267AA /* LaunchScreen.storyboard in Resources */,
				D22934232A98E257006267AA /* Assets.xcassets in Resources */,
				D22934212A98E255006267AA /* Main.storyboard in Resources */,
				D22934522A9B6846006267AA /* ChatsViewController.storyboard in Resources */,
			);
			runOnlyForDeploymentPostprocessing = 0;
		};
/* End PBXResourcesBuildPhase section */

/* Begin PBXSourcesBuildPhase section */
		D22934122A98E255006267AA /* Sources */ = {
			isa = PBXSourcesBuildPhase;
			buildActionMask = 2147483647;
			files = (
				D22934432A9B3B29006267AA /* ChatsCoordinator.swift in Sources */,
				D22934402A9B3A07006267AA /* CallsCoordinator.swift in Sources */,
				D22934332A98E4D4006267AA /* AppCoordinator.swift in Sources */,
				D229343A2A98E6BA006267AA /* MainCoordinator.swift in Sources */,
				D229341E2A98E255006267AA /* ViewController.swift in Sources */,
				D22934382A98E623006267AA /* MainTabBarController.swift in Sources */,
				D22934562A9B696D006267AA /* UIViewController+.swift in Sources */,
				D22934352A98E4EC006267AA /* Coordinator.swift in Sources */,
				D22934502A9B6837006267AA /* ChatsViewController.swift in Sources */,
				D22934492A9B3D84006267AA /* Window+.swift in Sources */,
				D229344E2A9B682C006267AA /* ChatsRouter.swift in Sources */,
				D22934542A9B68A6006267AA /* ChatsPresenter.swift in Sources */,
				D229341A2A98E255006267AA /* AppDelegate.swift in Sources */,
				D22934462A9B3C4C006267AA /* SettingsCoordinator.swift in Sources */,
				D229341C2A98E255006267AA /* SceneDelegate.swift in Sources */,
				D229344C2A9B67A9006267AA /* ChatsFactory.swift in Sources */,
				D229343D2A9B38E1006267AA /* ContactsCoordinator.swift in Sources */,
			);
			runOnlyForDeploymentPostprocessing = 0;
		};
/* End PBXSourcesBuildPhase section */

/* Begin PBXVariantGroup section */
		D229341F2A98E255006267AA /* Main.storyboard */ = {
			isa = PBXVariantGroup;
			children = (
				D22934202A98E255006267AA /* Base */,
			);
			name = Main.storyboard;
			sourceTree = "<group>";
		};
		D22934242A98E257006267AA /* LaunchScreen.storyboard */ = {
			isa = PBXVariantGroup;
			children = (
				D22934252A98E257006267AA /* Base */,
			);
			name = LaunchScreen.storyboard;
			sourceTree = "<group>";
		};
/* End PBXVariantGroup section */

/* Begin XCBuildConfiguration section */
		D22934282A98E257006267AA /* Debug */ = {
			isa = XCBuildConfiguration;
			buildSettings = {
				ALWAYS_SEARCH_USER_PATHS = NO;
				CLANG_ANALYZER_NONNULL = YES;
				CLANG_ANALYZER_NUMBER_OBJECT_CONVERSION = YES_AGGRESSIVE;
				CLANG_CXX_LANGUAGE_STANDARD = "gnu++20";
				CLANG_ENABLE_MODULES = YES;
				CLANG_ENABLE_OBJC_ARC = YES;
				CLANG_ENABLE_OBJC_WEAK = YES;
				CLANG_WARN_BLOCK_CAPTURE_AUTORELEASING = YES;
				CLANG_WARN_BOOL_CONVERSION = YES;
				CLANG_WARN_COMMA = YES;
				CLANG_WARN_CONSTANT_CONVERSION = YES;
				CLANG_WARN_DEPRECATED_OBJC_IMPLEMENTATIONS = YES;
				CLANG_WARN_DIRECT_OBJC_ISA_USAGE = YES_ERROR;
				CLANG_WARN_DOCUMENTATION_COMMENTS = YES;
				CLANG_WARN_EMPTY_BODY = YES;
				CLANG_WARN_ENUM_CONVERSION = YES;
				CLANG_WARN_INFINITE_RECURSION = YES;
				CLANG_WARN_INT_CONVERSION = YES;
				CLANG_WARN_NON_LITERAL_NULL_CONVERSION = YES;
				CLANG_WARN_OBJC_IMPLICIT_RETAIN_SELF = YES;
				CLANG_WARN_OBJC_LITERAL_CONVERSION = YES;
				CLANG_WARN_OBJC_ROOT_CLASS = YES_ERROR;
				CLANG_WARN_QUOTED_INCLUDE_IN_FRAMEWORK_HEADER = YES;
				CLANG_WARN_RANGE_LOOP_ANALYSIS = YES;
				CLANG_WARN_STRICT_PROTOTYPES = YES;
				CLANG_WARN_SUSPICIOUS_MOVE = YES;
				CLANG_WARN_UNGUARDED_AVAILABILITY = YES_AGGRESSIVE;
				CLANG_WARN_UNREACHABLE_CODE = YES;
				CLANG_WARN__DUPLICATE_METHOD_MATCH = YES;
				COPY_PHASE_STRIP = NO;
				DEBUG_INFORMATION_FORMAT = dwarf;
				ENABLE_STRICT_OBJC_MSGSEND = YES;
				ENABLE_TESTABILITY = YES;
				GCC_C_LANGUAGE_STANDARD = gnu11;
				GCC_DYNAMIC_NO_PIC = NO;
				GCC_NO_COMMON_BLOCKS = YES;
				GCC_OPTIMIZATION_LEVEL = 0;
				GCC_PREPROCESSOR_DEFINITIONS = (
					"DEBUG=1",
					"$(inherited)",
				);
				GCC_WARN_64_TO_32_BIT_CONVERSION = YES;
				GCC_WARN_ABOUT_RETURN_TYPE = YES_ERROR;
				GCC_WARN_UNDECLARED_SELECTOR = YES;
				GCC_WARN_UNINITIALIZED_AUTOS = YES_AGGRESSIVE;
				GCC_WARN_UNUSED_FUNCTION = YES;
				GCC_WARN_UNUSED_VARIABLE = YES;
				IPHONEOS_DEPLOYMENT_TARGET = 16.4;
				MTL_ENABLE_DEBUG_INFO = INCLUDE_SOURCE;
				MTL_FAST_MATH = YES;
				ONLY_ACTIVE_ARCH = YES;
				SDKROOT = iphoneos;
				SWIFT_ACTIVE_COMPILATION_CONDITIONS = DEBUG;
				SWIFT_OPTIMIZATION_LEVEL = "-Onone";
			};
			name = Debug;
		};
		D22934292A98E257006267AA /* Release */ = {
			isa = XCBuildConfiguration;
			buildSettings = {
				ALWAYS_SEARCH_USER_PATHS = NO;
				CLANG_ANALYZER_NONNULL = YES;
				CLANG_ANALYZER_NUMBER_OBJECT_CONVERSION = YES_AGGRESSIVE;
				CLANG_CXX_LANGUAGE_STANDARD = "gnu++20";
				CLANG_ENABLE_MODULES = YES;
				CLANG_ENABLE_OBJC_ARC = YES;
				CLANG_ENABLE_OBJC_WEAK = YES;
				CLANG_WARN_BLOCK_CAPTURE_AUTORELEASING = YES;
				CLANG_WARN_BOOL_CONVERSION = YES;
				CLANG_WARN_COMMA = YES;
				CLANG_WARN_CONSTANT_CONVERSION = YES;
				CLANG_WARN_DEPRECATED_OBJC_IMPLEMENTATIONS = YES;
				CLANG_WARN_DIRECT_OBJC_ISA_USAGE = YES_ERROR;
				CLANG_WARN_DOCUMENTATION_COMMENTS = YES;
				CLANG_WARN_EMPTY_BODY = YES;
				CLANG_WARN_ENUM_CONVERSION = YES;
				CLANG_WARN_INFINITE_RECURSION = YES;
				CLANG_WARN_INT_CONVERSION = YES;
				CLANG_WARN_NON_LITERAL_NULL_CONVERSION = YES;
				CLANG_WARN_OBJC_IMPLICIT_RETAIN_SELF = YES;
				CLANG_WARN_OBJC_LITERAL_CONVERSION = YES;
				CLANG_WARN_OBJC_ROOT_CLASS = YES_ERROR;
				CLANG_WARN_QUOTED_INCLUDE_IN_FRAMEWORK_HEADER = YES;
				CLANG_WARN_RANGE_LOOP_ANALYSIS = YES;
				CLANG_WARN_STRICT_PROTOTYPES = YES;
				CLANG_WARN_SUSPICIOUS_MOVE = YES;
				CLANG_WARN_UNGUARDED_AVAILABILITY = YES_AGGRESSIVE;
				CLANG_WARN_UNREACHABLE_CODE = YES;
				CLANG_WARN__DUPLICATE_METHOD_MATCH = YES;
				COPY_PHASE_STRIP = NO;
				DEBUG_INFORMATION_FORMAT = "dwarf-with-dsym";
				ENABLE_NS_ASSERTIONS = NO;
				ENABLE_STRICT_OBJC_MSGSEND = YES;
				GCC_C_LANGUAGE_STANDARD = gnu11;
				GCC_NO_COMMON_BLOCKS = YES;
				GCC_WARN_64_TO_32_BIT_CONVERSION = YES;
				GCC_WARN_ABOUT_RETURN_TYPE = YES_ERROR;
				GCC_WARN_UNDECLARED_SELECTOR = YES;
				GCC_WARN_UNINITIALIZED_AUTOS = YES_AGGRESSIVE;
				GCC_WARN_UNUSED_FUNCTION = YES;
				GCC_WARN_UNUSED_VARIABLE = YES;
				IPHONEOS_DEPLOYMENT_TARGET = 16.4;
				MTL_ENABLE_DEBUG_INFO = NO;
				MTL_FAST_MATH = YES;
				SDKROOT = iphoneos;
				SWIFT_COMPILATION_MODE = wholemodule;
				SWIFT_OPTIMIZATION_LEVEL = "-O";
				VALIDATE_PRODUCT = YES;
			};
			name = Release;
		};
		D229342B2A98E257006267AA /* Debug */ = {
			isa = XCBuildConfiguration;
			buildSettings = {
				ASSETCATALOG_COMPILER_APPICON_NAME = AppIcon;
				ASSETCATALOG_COMPILER_GLOBAL_ACCENT_COLOR_NAME = AccentColor;
				CODE_SIGN_STYLE = Automatic;
				CURRENT_PROJECT_VERSION = 1;
				DEVELOPMENT_TEAM = 9A27Z44H5M;
				GENERATE_INFOPLIST_FILE = YES;
				INFOPLIST_FILE = "Telegram-contest/Info.plist";
				INFOPLIST_KEY_UIApplicationSupportsIndirectInputEvents = YES;
				INFOPLIST_KEY_UILaunchStoryboardName = LaunchScreen;
				INFOPLIST_KEY_UIMainStoryboardFile = Main;
				INFOPLIST_KEY_UISupportedInterfaceOrientations_iPad = "UIInterfaceOrientationPortrait UIInterfaceOrientationPortraitUpsideDown UIInterfaceOrientationLandscapeLeft UIInterfaceOrientationLandscapeRight";
				INFOPLIST_KEY_UISupportedInterfaceOrientations_iPhone = "UIInterfaceOrientationPortrait UIInterfaceOrientationLandscapeLeft UIInterfaceOrientationLandscapeRight";
				LD_RUNPATH_SEARCH_PATHS = (
					"$(inherited)",
					"@executable_path/Frameworks",
				);
				MARKETING_VERSION = 1.0;
				PRODUCT_BUNDLE_IDENTIFIER = "am.tigran.gishian.ios.Telegram-contest";
				PRODUCT_NAME = "$(TARGET_NAME)";
				SWIFT_EMIT_LOC_STRINGS = YES;
				SWIFT_VERSION = 5.0;
				TARGETED_DEVICE_FAMILY = "1,2";
			};
			name = Debug;
		};
		D229342C2A98E257006267AA /* Release */ = {
			isa = XCBuildConfiguration;
			buildSettings = {
				ASSETCATALOG_COMPILER_APPICON_NAME = AppIcon;
				ASSETCATALOG_COMPILER_GLOBAL_ACCENT_COLOR_NAME = AccentColor;
				CODE_SIGN_STYLE = Automatic;
				CURRENT_PROJECT_VERSION = 1;
				DEVELOPMENT_TEAM = 9A27Z44H5M;
				GENERATE_INFOPLIST_FILE = YES;
				INFOPLIST_FILE = "Telegram-contest/Info.plist";
				INFOPLIST_KEY_UIApplicationSupportsIndirectInputEvents = YES;
				INFOPLIST_KEY_UILaunchStoryboardName = LaunchScreen;
				INFOPLIST_KEY_UIMainStoryboardFile = Main;
				INFOPLIST_KEY_UISupportedInterfaceOrientations_iPad = "UIInterfaceOrientationPortrait UIInterfaceOrientationPortraitUpsideDown UIInterfaceOrientationLandscapeLeft UIInterfaceOrientationLandscapeRight";
				INFOPLIST_KEY_UISupportedInterfaceOrientations_iPhone = "UIInterfaceOrientationPortrait UIInterfaceOrientationLandscapeLeft UIInterfaceOrientationLandscapeRight";
				LD_RUNPATH_SEARCH_PATHS = (
					"$(inherited)",
					"@executable_path/Frameworks",
				);
				MARKETING_VERSION = 1.0;
				PRODUCT_BUNDLE_IDENTIFIER = "am.tigran.gishian.ios.Telegram-contest";
				PRODUCT_NAME = "$(TARGET_NAME)";
				SWIFT_EMIT_LOC_STRINGS = YES;
				SWIFT_VERSION = 5.0;
				TARGETED_DEVICE_FAMILY = "1,2";
			};
			name = Release;
		};
/* End XCBuildConfiguration section */

/* Begin XCConfigurationList section */
		D22934112A98E255006267AA /* Build configuration list for PBXProject "Telegram-contest" */ = {
			isa = XCConfigurationList;
			buildConfigurations = (
				D22934282A98E257006267AA /* Debug */,
				D22934292A98E257006267AA /* Release */,
			);
			defaultConfigurationIsVisible = 0;
			defaultConfigurationName = Release;
		};
		D229342A2A98E257006267AA /* Build configuration list for PBXNativeTarget "Telegram-contest" */ = {
			isa = XCConfigurationList;
			buildConfigurations = (
				D229342B2A98E257006267AA /* Debug */,
				D229342C2A98E257006267AA /* Release */,
			);
			defaultConfigurationIsVisible = 0;
			defaultConfigurationName = Release;
		};
/* End XCConfigurationList section */
	};
	rootObject = D229340E2A98E255006267AA /* Project object */;
}
